
Microsoft Visual Studio Solution File, Format Version 12.00
# Visual Studio 15
VisualStudioVersion = 15.0.27130.2027
MinimumVisualStudioVersion = 10.0.40219.1
Project("{FAE04EC0-301F-11D3-BF4B-00C04F79EFBC}") = "Project-4", "Project-4\Project-4.csproj", "{419B6BE2-84DA-463F-AE63-B65968135132}"
EndProject
Global
	GlobalSection(SolutionConfigurationPlatforms) = preSolution
		Debug|Any CPU = Debug|Any CPU
		Release|Any CPU = Release|Any CPU
	EndGlobalSection
	GlobalSection(ProjectConfigurationPlatforms) = postSolution
		{419B6BE2-84DA-463F-AE63-B65968135132}.Debug|Any CPU.ActiveCfg = Debug|Any CPU
		{419B6BE2-84DA-463F-AE63-B65968135132}.Debug|Any CPU.Build.0 = Debug|Any CPU
		{419B6BE2-84DA-463F-AE63-B65968135132}.Release|Any CPU.ActiveCfg = Release|Any CPU
		{419B6BE2-84DA-463F-AE63-B65968135132}.Release|Any CPU.Build.0 = Release|Any CPU
	EndGlobalSection
	GlobalSection(SolutionProperties) = preSolution
		HideSolutionNode = FALSE
	EndGlobalSection
	GlobalSection(ExtensibilityGlobals) = postSolution
		SolutionGuid = {C85413C4-5422-44F4-892B-16A1C2F99133}
	EndGlobalSection
EndGlobal
